Microsoft Visual Studio Solution File, Format Version 12.00
# Visual Studio Version 17
VisualStudioVersion = 17.8.34511.84
MinimumVisualStudioVersion = 16.0.0.0
Project("{9A19103F-16F7-4668-BE54-9A1E7A4F7556}") = "Wakfreeca", "Wakfreeca\Wakfreeca.csproj", "{C83169E6-E0AE-43BB-AD53-94C13D077E9F}"
EndProject
Project("{9A19103F-16F7-4668-BE54-9A1E7A4F7556}") = "Wakfreeca.Client", "Wakfreeca.Client\Wakfreeca.Client.csproj", "{74E24169-E317-462C-BB06-ECECB7EE13A2}"
EndProject
Global
	GlobalSection(SolutionConfigurationPlatforms) = preSolution
		Debug|Any CPU = Debug|Any CPU
		Debug|x64 = Debug|x64
		Debug|x86 = Debug|x86
		Release|Any CPU = Release|Any CPU
		Release|x64 = Release|x64
		Release|x86 = Release|x86
	EndGlobalSection
	GlobalSection(ProjectConfigurationPlatforms) = postSolution
		{C83169E6-E0AE-43BB-AD53-94C13D077E9F}.Debug|Any CPU.ActiveCfg = Debug|Any CPU
		{C83169E6-E0AE-43BB-AD53-94C13D077E9F}.Debug|Any CPU.Build.0 = Debug|Any CPU
		{C83169E6-E0AE-43BB-AD53-94C13D077E9F}.Debug|x64.ActiveCfg = Debug|Any CPU
		{C83169E6-E0AE-43BB-AD53-94C13D077E9F}.Debug|x64.Build.0 = Debug|Any CPU
		{C83169E6-E0AE-43BB-AD53-94C13D077E9F}.Debug|x86.ActiveCfg = Debug|Any CPU
		{C83169E6-E0AE-43BB-AD53-94C13D077E9F}.Debug|x86.Build.0 = Debug|Any CPU
		{C83169E6-E0AE-43BB-AD53-94C13D077E9F}.Release|Any CPU.ActiveCfg = Release|Any CPU
		{C83169E6-E0AE-43BB-AD53-94C13D077E9F}.Release|Any CPU.Build.0 = Release|Any CPU
		{C83169E6-E0AE-43BB-AD53-94C13D077E9F}.Release|x64.ActiveCfg = Release|Any CPU
		{C83169E6-E0AE-43BB-AD53-94C13D077E9F}.Release|x64.Build.0 = Release|Any CPU
		{C83169E6-E0AE-43BB-AD53-94C13D077E9F}.Release|x86.ActiveCfg = Release|Any CPU
		{C83169E6-E0AE-43BB-AD53-94C13D077E9F}.Release|x86.Build.0 = Release|Any CPU
		{74E24169-E317-462C-BB06-ECECB7EE13A2}.Debug|Any CPU.ActiveCfg = Debug|Any CPU
		{74E24169-E317-462C-BB06-ECECB7EE13A2}.Debug|Any CPU.Build.0 = Debug|Any CPU
		{74E24169-E317-462C-BB06-ECECB7EE13A2}.Debug|x64.ActiveCfg = Debug|Any CPU
		{74E24169-E317-462C-BB06-ECECB7EE13A2}.Debug|x64.Build.0 = Debug|Any CPU
		{74E24169-E317-462C-BB06-ECECB7EE13A2}.Debug|x86.ActiveCfg = Debug|Any CPU
		{74E24169-E317-462C-BB06-ECECB7EE13A2}.Debug|x86.Build.0 = Debug|Any CPU
		{74E24169-E317-462C-BB06-ECECB7EE13A2}.Release|Any CPU.ActiveCfg = Release|Any CPU
		{74E24169-E317-462C-BB06-ECECB7EE13A2}.Release|Any CPU.Build.0 = Release|Any CPU
		{74E24169-E317-462C-BB06-ECECB7EE13A2}.Release|x64.ActiveCfg = Release|Any CPU
		{74E24169-E317-462C-BB06-ECECB7EE13A2}.Release|x64.Build.0 = Release|Any CPU
		{74E24169-E317-462C-BB06-ECECB7EE13A2}.Release|x86.ActiveCfg = Release|Any CPU
		{74E24169-E317-462C-BB06-ECECB7EE13A2}.Release|x86.Build.0 = Release|Any CPU
	EndGlobalSection
	GlobalSection(SolutionProperties) = preSolution
		HideSolutionNode = FALSE
	EndGlobalSection
	GlobalSection(ExtensibilityGlobals) = postSolution
		SolutionGuid = {4AA803CB-41E4-48FA-BB37-52695BECC530}
	EndGlobalSection
EndGlobal
